
Microsoft Visual Studio Solution File, Format Version 12.00
# Visual Studio Version 17
VisualStudioVersion = 17.11.35327.3
MinimumVisualStudioVersion = 10.0.40219.1
Project("{FAE04EC0-301F-11D3-BF4B-00C04F79EFBC}") = "VISTA", "VISTA\VISTA.csproj", "{5335F549-C530-484D-AD42-6CE20A9CBB91}"
EndProject
Project("{FAE04EC0-301F-11D3-BF4B-00C04F79EFBC}") = "Entidades", "Entidades\Entidades.csproj", "{B059F50A-A474-4ED5-96DF-6B36A6F59476}"
EndProject
Project("{FAE04EC0-301F-11D3-BF4B-00C04F79EFBC}") = "Modelo", "Modelo\Modelo.csproj", "{9FA0488C-02BF-400E-BD2A-F7245901AF0D}"
EndProject
Project("{FAE04EC0-301F-11D3-BF4B-00C04F79EFBC}") = "Controladora", "Controladora\Controladora.csproj", "{0B60D95D-A67B-4CCE-A801-D6D4B0B73F2E}"
EndProject
Global
	GlobalSection(SolutionConfigurationPlatforms) = preSolution
		Debug|Any CPU = Debug|Any CPU
		Release|Any CPU = Release|Any CPU
	EndGlobalSection
	GlobalSection(ProjectConfigurationPlatforms) = postSolution
		{5335F549-C530-484D-AD42-6CE20A9CBB91}.Debug|Any CPU.ActiveCfg = Debug|Any CPU
		{5335F549-C530-484D-AD42-6CE20A9CBB91}.Debug|Any CPU.Build.0 = Debug|Any CPU
		{5335F549-C530-484D-AD42-6CE20A9CBB91}.Release|Any CPU.ActiveCfg = Release|Any CPU
		{5335F549-C530-484D-AD42-6CE20A9CBB91}.Release|Any CPU.Build.0 = Release|Any CPU
		{B059F50A-A474-4ED5-96DF-6B36A6F59476}.Debug|Any CPU.ActiveCfg = Debug|Any CPU
		{B059F50A-A474-4ED5-96DF-6B36A6F59476}.Debug|Any CPU.Build.0 = Debug|Any CPU
		{B059F50A-A474-4ED5-96DF-6B36A6F59476}.Release|Any CPU.ActiveCfg = Release|Any CPU
		{B059F50A-A474-4ED5-96DF-6B36A6F59476}.Release|Any CPU.Build.0 = Release|Any CPU
		{9FA0488C-02BF-400E-BD2A-F7245901AF0D}.Debug|Any CPU.ActiveCfg = Debug|Any CPU
		{9FA0488C-02BF-400E-BD2A-F7245901AF0D}.Debug|Any CPU.Build.0 = Debug|Any CPU
		{9FA0488C-02BF-400E-BD2A-F7245901AF0D}.Release|Any CPU.ActiveCfg = Release|Any CPU
		{9FA0488C-02BF-400E-BD2A-F7245901AF0D}.Release|Any CPU.Build.0 = Release|Any CPU
		{0B60D95D-A67B-4CCE-A801-D6D4B0B73F2E}.Debug|Any CPU.ActiveCfg = Debug|Any CPU
		{0B60D95D-A67B-4CCE-A801-D6D4B0B73F2E}.Debug|Any CPU.Build.0 = Debug|Any CPU
		{0B60D95D-A67B-4CCE-A801-D6D4B0B73F2E}.Release|Any CPU.ActiveCfg = Release|Any CPU
		{0B60D95D-A67B-4CCE-A801-D6D4B0B73F2E}.Release|Any CPU.Build.0 = Release|Any CPU
	EndGlobalSection
	GlobalSection(SolutionProperties) = preSolution
		HideSolutionNode = FALSE
	EndGlobalSection
	GlobalSection(ExtensibilityGlobals) = postSolution
		SolutionGuid = {25E58EAD-5F96-4716-966F-B3E107EB0FF0}
	EndGlobalSection
EndGlobal
